# This file was autogenerated by Stack.
# You should not edit this file by hand.
# For more information, please see the documentation at:
#   https://docs.haskellstack.org/en/stable/lock_files

packages:
- completed:
    commit: 16b7e3efdd7101f26987f5b88bbe3b150e5a08c8
    git: https://github.com/hasktorch/hasktorch.git
    name: hasktorch
    pantry-tree:
      sha256: e8d9e564dd14911fec003a402e17c4281290512f9e36e5deec58318ef5fd3440
      size: 8479
    subdir: hasktorch
    version: 0.2.0.0
  original:
    commit: 16b7e3efdd7101f26987f5b88bbe3b150e5a08c8
    git: https://github.com/hasktorch/hasktorch.git
    subdir: hasktorch
- completed:
    commit: 16b7e3efdd7101f26987f5b88bbe3b150e5a08c8
    git: https://github.com/hasktorch/hasktorch.git
    name: libtorch-ffi
    pantry-tree:
      sha256: 48fe8913d7ed96fd2d650e53f014cd46e29769ee8f9d2e0a2b771b8b905acf61
      size: 9512
    subdir: libtorch-ffi
    version: 2.0.0.0
  original:
    commit: 16b7e3efdd7101f26987f5b88bbe3b150e5a08c8
    git: https://github.com/hasktorch/hasktorch.git
    subdir: libtorch-ffi
- completed:
    commit: 16b7e3efdd7101f26987f5b88bbe3b150e5a08c8
    git: https://github.com/hasktorch/hasktorch.git
    name: libtorch-ffi-helper
    pantry-tree:
      sha256: 70dba330b77a5b96e44e6a90c13ca7f42cefb47bbc432fa9bb9f19773604f18f
      size: 214
    subdir: libtorch-ffi-helper
    version: 2.0.0.0
  original:
    commit: 16b7e3efdd7101f26987f5b88bbe3b150e5a08c8
    git: https://github.com/hasktorch/hasktorch.git
    subdir: libtorch-ffi-helper
snapshots:
- completed:
    sha256: 28a863b358647f2d952fe7085ba11561aeb63eca6bc6fd1ce8fcf1cfe63717f5
    size: 719127
    url: https://raw.githubusercontent.com/commercialhaskell/stackage-snapshots/master/lts/22/24.yaml
  original:
    url: https://raw.githubusercontent.com/commercialhaskell/stackage-snapshots/master/lts/22/24.yaml
